github.com/gorilla/mux v1.8.1 h1:TuBL49tXwgrFYWhqrNgrUNEY92u81SPhu7sTdzQEiWY=
github.com/gorilla/mux v1.8.1/go.mod h1:AKf9I4AEqPTmMytcMc0KkNouC66V3BtZ4qD5fmWSiMQ=
github.com/rs/cors v1.11.1 h1:eU3gRzXLRK57F5rKMGMZURNdIG4EoAmX8k94r9wXWHA=
github.com/rs/cors v1.11.1/go.mod h1:XyqrcTp5zjWr1wsJ8PIRZssZ8b/WMcMf71DJnit4EMU=
github.com/shanejwalsh/itunes-xml-parser v0.0.5 h1:dbZKH1q9cj0n/UnH5QeE2TFYg9nRHnqaa6yxmKVR6+g=
github.com/shanejwalsh/itunes-xml-parser v0.0.5/go.mod h1:3uTz91uoFCeTvyaRLT3K3VCCs/AYuhO2ZN/t81pzUsw=
github.com/shanejwalsh/itunes-xml-parser v0.0.6 h1:VCJlyt4c94VJbhXD6mb05BhDmE8bKbO2YcczHYlRrq4=
github.com/shanejwalsh/itunes-xml-parser v0.0.6/go.mod h1:3uTz91uoFCeTvyaRLT3K3VCCs/AYuhO2ZN/t81pzUsw=
github.com/shanejwalsh/itunes-xml-parser v0.0.7 h1:IlWRRbkb7Y5CGHY1uwdf0yKcQvxV0xyqvNbkpz3fRHk=
github.com/shanejwalsh/itunes-xml-parser v0.0.7/go.mod h1:3uTz91uoFCeTvyaRLT3K3VCCs/AYuhO2ZN/t81pzUsw=
