github.com/gorilla/mux v1.8.1 h1:TuBL49tXwgrFYWhqrNgrUNEY92u81SPhu7sTdzQEiWY=
github.com/gorilla/mux v1.8.1/go.mod h1:AKf9I4AEqPTmMytcMc0KkNouC66V3BtZ4qD5fmWSiMQ=
github.com/rs/cors v1.11.1 h1:eU3gRzXLRK57F5rKMGMZURNdIG4EoAmX8k94r9wXWHA=
github.com/rs/cors v1.11.1/go.mod h1:XyqrcTp5zjWr1wsJ8PIRZssZ8b/WMcMf71DJnit4EMU=
github.com/shanejwalsh/itunes-xml-parser v0.0.2 h1:3PUmZ1CiObLHrhEjSrhSL0MlZRm4WU/B6knnGVyoCms=
github.com/shanejwalsh/itunes-xml-parser v0.0.2/go.mod h1:3uTz91uoFCeTvyaRLT3K3VCCs/AYuhO2ZN/t81pzUsw=
github.com/shanejwalsh/itunes-xml-parser v0.0.4 h1:OkhMLucgvi/duWSs/B+HY3Lau/xCB97hVPVNicQYu8k=
github.com/shanejwalsh/itunes-xml-parser v0.0.4/go.mod h1:3uTz91uoFCeTvyaRLT3K3VCCs/AYuhO2ZN/t81pzUsw=
